// !$*UTF8*$!
{
	archiveVersion = 1;
	classes = {
	};
	objectVersion = 46;
	objects = {

/* Begin PBXBuildFile section */
		034154821E5B9EDB00D4EDA7 /* AppDelegate.swift in Sources */ = {isa = PBXBuildFile; fileRef = 034154811E5B9EDB00D4EDA7 /* AppDelegate.swift */; };
		034154841E5B9EDB00D4EDA7 /* GameScene.sks in Resources */ = {isa = PBXBuildFile; fileRef = 034154831E5B9EDB00D4EDA7 /* GameScene.sks */; };
		034154861E5B9EDB00D4EDA7 /* Actions.sks in Resources */ = {isa = PBXBuildFile; fileRef = 034154851E5B9EDB00D4EDA7 /* Actions.sks */; };
		034154881E5B9EDB00D4EDA7 /* GameScene.swift in Sources */ = {isa = PBXBuildFile; fileRef = 034154871E5B9EDB00D4EDA7 /* GameScene.swift */; };
		0341548A1E5B9EDB00D4EDA7 /* GameViewController.swift in Sources */ = {isa = PBXBuildFile; fileRef = 034154891E5B9EDB00D4EDA7 /* GameViewController.swift */; };
		0341548D1E5B9EDB00D4EDA7 /* Main.storyboard in Resources */ = {isa = PBXBuildFile; fileRef = 0341548B1E5B9EDB00D4EDA7 /* Main.storyboard */; };
		0341548F1E5B9EDB00D4EDA7 /* Assets.xcassets in Resources */ = {isa = PBXBuildFile; fileRef = 0341548E1E5B9EDB00D4EDA7 /* Assets.xcassets */; };
		034154921E5B9EDB00D4EDA7 /* LaunchScreen.storyboard in Resources */ = {isa = PBXBuildFile; fileRef = 034154901E5B9EDB00D4EDA7 /* LaunchScreen.storyboard */; };
		0341549D1E5B9EDB00D4EDA7 /* SampleGameTests.swift in Sources */ = {isa = PBXBuildFile; fileRef = 0341549C1E5B9EDB00D4EDA7 /* SampleGameTests.swift */; };
		034154A81E5B9EDB00D4EDA7 /* SampleGameUITests.swift in Sources */ = {isa = PBXBuildFile; fileRef = 034154A71E5B9EDB00D4EDA7 /* SampleGameUITests.swift */; };
		03D04D5E1FAE3F31001FF226 /* Labyrinth.sks in Resources */ = {isa = PBXBuildFile; fileRef = 03D04D5D1FAE3F31001FF226 /* Labyrinth.sks */; };
		03D04D601FAE4670001FF226 /* FoliageSmall.sks in Resources */ = {isa = PBXBuildFile; fileRef = 03D04D5F1FAE4670001FF226 /* FoliageSmall.sks */; };
		03D04D621FAE4EE7001FF226 /* Labyrinth.swift in Sources */ = {isa = PBXBuildFile; fileRef = 03D04D611FAE4EE7001FF226 /* Labyrinth.swift */; };
/* End PBXBuildFile section */

/* Begin PBXContainerItemProxy section */
		034154991E5B9EDB00D4EDA7 /* PBXContainerItemProxy */ = {
			isa = PBXContainerItemProxy;
			containerPortal = 034154761E5B9EDB00D4EDA7 /* Project object */;
			proxyType = 1;
			remoteGlobalIDString = 0341547D1E5B9EDB00D4EDA7;
			remoteInfo = SampleGame;
		};
		034154A41E5B9EDB00D4EDA7 /* PBXContainerItemProxy */ = {
			isa = PBXContainerItemProxy;
			containerPortal = 034154761E5B9EDB00D4EDA7 /* Project object */;
			proxyType = 1;
			remoteGlobalIDString = 0341547D1E5B9EDB00D4EDA7;
			remoteInfo = SampleGame;
		};
/* End PBXContainerItemProxy section */

/* Begin PBXFileReference section */
		0341547E1E5B9EDB00D4EDA7 /* Labyrinth.app */ = {isa = PBXFileReference; explicitFileType = wrapper.application; includeInIndex = 0; path = Labyrinth.app; sourceTree = BUILT_PRODUCTS_DIR; };
		034154811E5B9EDB00D4EDA7 /* AppDelegate.swift */ = {isa = PBXFileReference; lastKnownFileType = sourcecode.swift; path = AppDelegate.swift; sourceTree = "<group>"; };
		034154831E5B9EDB00D4EDA7 /* GameScene.sks */ = {isa = PBXFileReference; lastKnownFileType = file.sks; path = GameScene.sks; sourceTree = "<group>"; };
		034154851E5B9EDB00D4EDA7 /* Actions.sks */ = {isa = PBXFileReference; lastKnownFileType = file.sks; path = Actions.sks; sourceTree = "<group>"; };
		034154871E5B9EDB00D4EDA7 /* GameScene.swift */ = {isa = PBXFileReference; lastKnownFileType = sourcecode.swift; path = GameScene.swift; sourceTree = "<group>"; };
		034154891E5B9EDB00D4EDA7 /* GameViewController.swift */ = {isa = PBXFileReference; lastKnownFileType = sourcecode.swift; path = GameViewController.swift; sourceTree = "<group>"; };
		0341548C1E5B9EDB00D4EDA7 /* Base */ = {isa = PBXFileReference; lastKnownFileType = file.storyboard; name = Base; path = Base.lproj/Main.storyboard; sourceTree = "<group>"; };
		0341548E1E5B9EDB00D4EDA7 /* Assets.xcassets */ = {isa = PBXFileReference; lastKnownFileType = folder.assetcatalog; path = Assets.xcassets; sourceTree = "<group>"; };
		034154911E5B9EDB00D4EDA7 /* Base */ = {isa = PBXFileReference; lastKnownFileType = file.storyboard; name = Base; path = Base.lproj/LaunchScreen.storyboard; sourceTree = "<group>"; };
		034154931E5B9EDB00D4EDA7 /* Info.plist */ = {isa = PBXFileReference; lastKnownFileType = text.plist.xml; path = Info.plist; sourceTree = "<group>"; };
		034154981E5B9EDB00D4EDA7 /* LabyrinthTests.xctest */ = {isa = PBXFileReference; explicitFileType = wrapper.cfbundle; includeInIndex = 0; path = LabyrinthTests.xctest; sourceTree = BUILT_PRODUCTS_DIR; };
		0341549C1E5B9EDB00D4EDA7 /* SampleGameTests.swift */ = {isa = PBXFileReference; lastKnownFileType = sourcecode.swift; path = SampleGameTests.swift; sourceTree = "<group>"; };
		0341549E1E5B9EDB00D4EDA7 /* Info.plist */ = {isa = PBXFileReference; lastKnownFileType = text.plist.xml; path = Info.plist; sourceTree = "<group>"; };
		034154A31E5B9EDB00D4EDA7 /* LabyrinthUITests.xctest */ = {isa = PBXFileReference; explicitFileType = wrapper.cfbundle; includeInIndex = 0; path = LabyrinthUITests.xctest; sourceTree = BUILT_PRODUCTS_DIR; };
		034154A71E5B9EDB00D4EDA7 /* SampleGameUITests.swift */ = {isa = PBXFileReference; lastKnownFileType = sourcecode.swift; path = SampleGameUITests.swift; sourceTree = "<group>"; };
		034154A91E5B9EDB00D4EDA7 /* Info.plist */ = {isa = PBXFileReference; lastKnownFileType = text.plist.xml; path = Info.plist; sourceTree = "<group>"; };
		03D04D5D1FAE3F31001FF226 /* Labyrinth.sks */ = {isa = PBXFileReference; lastKnownFileType = file.sks; path = Labyrinth.sks; sourceTree = "<group>"; };
		03D04D5F1FAE4670001FF226 /* FoliageSmall.sks */ = {isa = PBXFileReference; lastKnownFileType = file.sks; path = FoliageSmall.sks; sourceTree = "<group>"; };
		03D04D611FAE4EE7001FF226 /* Labyrinth.swift */ = {isa = PBXFileReference; lastKnownFileType = sourcecode.swift; path = Labyrinth.swift; sourceTree = "<group>"; };
/* End PBXFileReference section */

/* Begin PBXFrameworksBuildPhase section */
		0341547B1E5B9EDB00D4EDA7 /* Frameworks */ = {
			isa = PBXFrameworksBuildPhase;
			buildActionMask = 2147483647;
			files = (
			);
			runOnlyForDeploymentPostprocessing = 0;
		};
		034154951E5B9EDB00D4EDA7 /* Frameworks */ = {
			isa = PBXFrameworksBuildPhase;
			buildActionMask = 2147483647;
			files = (
			);
			runOnlyForDeploymentPostprocessing = 0;
		};
		034154A01E5B9EDB00D4EDA7 /* Frameworks */ = {
			isa = PBXFrameworksBuildPhase;
			buildActionMask = 2147483647;
			files = (
			);
			runOnlyForDeploymentPostprocessing = 0;
		};
/* End PBXFrameworksBuildPhase section */

/* Begin PBXGroup section */
		034154751E5B9EDB00D4EDA7 = {
			isa = PBXGroup;
			children = (
				034154801E5B9EDB00D4EDA7 /* Labyrinth */,
				0341549B1E5B9EDB00D4EDA7 /* LabyrinthTests */,
				034154A61E5B9EDB00D4EDA7 /* LabyrinthUITests */,
				0341547F1E5B9EDB00D4EDA7 /* Products */,
			);
			sourceTree = "<group>";
		};
		0341547F1E5B9EDB00D4EDA7 /* Products */ = {
			isa = PBXGroup;
			children = (
				0341547E1E5B9EDB00D4EDA7 /* Labyrinth.app */,
				034154981E5B9EDB00D4EDA7 /* LabyrinthTests.xctest */,
				034154A31E5B9EDB00D4EDA7 /* LabyrinthUITests.xctest */,
			);
			name = Products;
			sourceTree = "<group>";
		};
		034154801E5B9EDB00D4EDA7 /* Labyrinth */ = {
			isa = PBXGroup;
			children = (
				034154811E5B9EDB00D4EDA7 /* AppDelegate.swift */,
				034154831E5B9EDB00D4EDA7 /* GameScene.sks */,
				034154871E5B9EDB00D4EDA7 /* GameScene.swift */,
				03D04D5D1FAE3F31001FF226 /* Labyrinth.sks */,
				03D04D611FAE4EE7001FF226 /* Labyrinth.swift */,
				034154851E5B9EDB00D4EDA7 /* Actions.sks */,
				034154891E5B9EDB00D4EDA7 /* GameViewController.swift */,
				0341548B1E5B9EDB00D4EDA7 /* Main.storyboard */,
				0341548E1E5B9EDB00D4EDA7 /* Assets.xcassets */,
				034154901E5B9EDB00D4EDA7 /* LaunchScreen.storyboard */,
				034154931E5B9EDB00D4EDA7 /* Info.plist */,
				03D04D5F1FAE4670001FF226 /* FoliageSmall.sks */,
			);
			path = Labyrinth;
			sourceTree = "<group>";
		};
		0341549B1E5B9EDB00D4EDA7 /* LabyrinthTests */ = {
			isa = PBXGroup;
			children = (
				0341549C1E5B9EDB00D4EDA7 /* SampleGameTests.swift */,
				0341549E1E5B9EDB00D4EDA7 /* Info.plist */,
			);
			path = LabyrinthTests;
			sourceTree = "<group>";
		};
		034154A61E5B9EDB00D4EDA7 /* LabyrinthUITests */ = {
			isa = PBXGroup;
			children = (
				034154A71E5B9EDB00D4EDA7 /* SampleGameUITests.swift */,
				034154A91E5B9EDB00D4EDA7 /* Info.plist */,
			);
			path = LabyrinthUITests;
			sourceTree = "<group>";
		};
/* End PBXGroup section */

/* Begin PBXNativeTarget section */
		0341547D1E5B9EDB00D4EDA7 /* Labyrinth */ = {
			isa = PBXNativeTarget;
			buildConfigurationList = 034154AC1E5B9EDB00D4EDA7 /* Build configuration list for PBXNativeTarget "Labyrinth" */;
			buildPhases = (
				0341547A1E5B9EDB00D4EDA7 /* Sources */,
				0341547B1E5B9EDB00D4EDA7 /* Frameworks */,
				0341547C1E5B9EDB00D4EDA7 /* Resources */,
			);
			buildRules = (
			);
			dependencies = (
			);
			name = Labyrinth;
			productName = SampleGame;
			productReference = 0341547E1E5B9EDB00D4EDA7 /* Labyrinth.app */;
			productType = "com.apple.product-type.application";
		};
		034154971E5B9EDB00D4EDA7 /* LabyrinthTests */ = {
			isa = PBXNativeTarget;
			buildConfigurationList = 034154AF1E5B9EDB00D4EDA7 /* Build configuration list for PBXNativeTarget "LabyrinthTests" */;
			buildPhases = (
				034154941E5B9EDB00D4EDA7 /* Sources */,
				034154951E5B9EDB00D4EDA7 /* Frameworks */,
				034154961E5B9EDB00D4EDA7 /* Resources */,
			);
			buildRules = (
			);
			dependencies = (
				0341549A1E5B9EDB00D4EDA7 /* PBXTargetDependency */,
			);
			name = LabyrinthTests;
			productName = SampleGameTests;
			productReference = 034154981E5B9EDB00D4EDA7 /* LabyrinthTests.xctest */;
			productType = "com.apple.product-type.bundle.unit-test";
		};
		034154A21E5B9EDB00D4EDA7 /* LabyrinthUITests */ = {
			isa = PBXNativeTarget;
			buildConfigurationList = 034154B21E5B9EDB00D4EDA7 /* Build configuration list for PBXNativeTarget "LabyrinthUITests" */;
			buildPhases = (
				0341549F1E5B9EDB00D4EDA7 /* Sources */,
				034154A01E5B9EDB00D4EDA7 /* Frameworks */,
				034154A11E5B9EDB00D4EDA7 /* Resources */,
			);
			buildRules = (
			);
			dependencies = (
				034154A51E5B9EDB00D4EDA7 /* PBXTargetDependency */,
			);
			name = LabyrinthUITests;
			productName = SampleGameUITests;
			productReference = 034154A31E5B9EDB00D4EDA7 /* LabyrinthUITests.xctest */;
			productType = "com.apple.product-type.bundle.ui-testing";
		};
/* End PBXNativeTarget section */

/* Begin PBXProject section */
		034154761E5B9EDB00D4EDA7 /* Project object */ = {
			isa = PBXProject;
			attributes = {
				LastSwiftUpdateCheck = 0820;
				LastUpgradeCheck = 0910;
				ORGANIZATIONNAME = "Josh Getter";
				TargetAttributes = {
					0341547D1E5B9EDB00D4EDA7 = {
						CreatedOnToolsVersion = 8.2.1;
						DevelopmentTeam = URTWGKA93U;
						LastSwiftMigration = 0910;
						ProvisioningStyle = Automatic;
					};
					034154971E5B9EDB00D4EDA7 = {
						CreatedOnToolsVersion = 8.2.1;
						DevelopmentTeam = URTWGKA93U;
						LastSwiftMigration = 0910;
						ProvisioningStyle = Automatic;
						TestTargetID = 0341547D1E5B9EDB00D4EDA7;
					};
					034154A21E5B9EDB00D4EDA7 = {
						CreatedOnToolsVersion = 8.2.1;
						DevelopmentTeam = URTWGKA93U;
						LastSwiftMigration = 0910;
						ProvisioningStyle = Automatic;
						TestTargetID = 0341547D1E5B9EDB00D4EDA7;
					};
				};
			};
			buildConfigurationList = 034154791E5B9EDB00D4EDA7 /* Build configuration list for PBXProject "Labyrinth" */;
			compatibilityVersion = "Xcode 3.2";
			developmentRegion = English;
			hasScannedForEncodings = 0;
			knownRegions = (
				en,
				Base,
			);
			mainGroup = 034154751E5B9EDB00D4EDA7;
			productRefGroup = 0341547F1E5B9EDB00D4EDA7 /* Products */;
			projectDirPath = "";
			projectRoot = "";
			targets = (
				0341547D1E5B9EDB00D4EDA7 /* Labyrinth */,
				034154971E5B9EDB00D4EDA7 /* LabyrinthTests */,
				034154A21E5B9EDB00D4EDA7 /* LabyrinthUITests */,
			);
		};
/* End PBXProject section */

/* Begin PBXResourcesBuildPhase section */
		0341547C1E5B9EDB00D4EDA7 /* Resources */ = {
			isa = PBXResourcesBuildPhase;
			buildActionMask = 2147483647;
			files = (
				0341548D1E5B9EDB00D4EDA7 /* Main.storyboard in Resources */,
				034154841E5B9EDB00D4EDA7 /* GameScene.sks in Resources */,
				0341548F1E5B9EDB00D4EDA7 /* Assets.xcassets in Resources */,
				034154921E5B9EDB00D4EDA7 /* LaunchScreen.storyboard in Resources */,
				03D04D5E1FAE3F31001FF226 /* Labyrinth.sks in Resources */,
				034154861E5B9EDB00D4EDA7 /* Actions.sks in Resources */,
				03D04D601FAE4670001FF226 /* FoliageSmall.sks in Resources */,
			);
			runOnlyForDeploymentPostprocessing = 0;
		};
		034154961E5B9EDB00D4EDA7 /* Resources */ = {
			isa = PBXResourcesBuildPhase;
			buildActionMask = 2147483647;
			files = (
			);
			runOnlyForDeploymentPostprocessing = 0;
		};
		034154A11E5B9EDB00D4EDA7 /* Resources */ = {
			isa = PBXResourcesBuildPhase;
			buildActionMask = 2147483647;
			files = (
			);
			runOnlyForDeploymentPostprocessing = 0;
		};
/* End PBXResourcesBuildPhase section */

/* Begin PBXSourcesBuildPhase section */
		0341547A1E5B9EDB00D4EDA7 /* Sources */ = {
			isa = PBXSourcesBuildPhase;
			buildActionMask = 2147483647;
			files = (
				034154881E5B9EDB00D4EDA7 /* GameScene.swift in Sources */,
				0341548A1E5B9EDB00D4EDA7 /* GameViewController.swift in Sources */,
				034154821E5B9EDB00D4EDA7 /* AppDelegate.swift in Sources */,
				03D04D621FAE4EE7001FF226 /* Labyrinth.swift in Sources */,
			);
			runOnlyForDeploymentPostprocessing = 0;
		};
		034154941E5B9EDB00D4EDA7 /* Sources */ = {
			isa = PBXSourcesBuildPhase;
			buildActionMask = 2147483647;
			files = (
				0341549D1E5B9EDB00D4EDA7 /* SampleGameTests.swift in Sources */,
			);
			runOnlyForDeploymentPostprocessing = 0;
		};
		0341549F1E5B9EDB00D4EDA7 /* Sources */ = {
			isa = PBXSourcesBuildPhase;
			buildActionMask = 2147483647;
			files = (
				034154A81E5B9EDB00D4EDA7 /* SampleGameUITests.swift in Sources */,
			);
			runOnlyForDeploymentPostprocessing = 0;
		};
/* End PBXSourcesBuildPhase section */

/* Begin PBXTargetDependency section */
		0341549A1E5B9EDB00D4EDA7 /* PBXTargetDependency */ = {
			isa = PBXTargetDependency;
			target = 0341547D1E5B9EDB00D4EDA7 /* Labyrinth */;
			targetProxy = 034154991E5B9EDB00D4EDA7 /* PBXContainerItemProxy */;
		};
		034154A51E5B9EDB00D4EDA7 /* PBXTargetDependency */ = {
			isa = PBXTargetDependency;
			target = 0341547D1E5B9EDB00D4EDA7 /* Labyrinth */;
			targetProxy = 034154A41E5B9EDB00D4EDA7 /* PBXContainerItemProxy */;
		};
/* End PBXTargetDependency section */

/* Begin PBXVariantGroup section */
		0341548B1E5B9EDB00D4EDA7 /* Main.storyboard */ = {
			isa = PBXVariantGroup;
			children = (
				0341548C1E5B9EDB00D4EDA7 /* Base */,
			);
			name = Main.storyboard;
			sourceTree = "<group>";
		};
		034154901E5B9EDB00D4EDA7 /* LaunchScreen.storyboard */ = {
			isa = PBXVariantGroup;
			children = (
				034154911E5B9EDB00D4EDA7 /* Base */,
			);
			name = LaunchScreen.storyboard;
			sourceTree = "<group>";
		};
/* End PBXVariantGroup section */

/* Begin XCBuildConfiguration section */
		034154AA1E5B9EDB00D4EDA7 /* Debug */ = {
			isa = XCBuildConfiguration;
			buildSettings = {
				ALWAYS_SEARCH_USER_PATHS = NO;
				CLANG_ANALYZER_NONNULL = YES;
				CLANG_CXX_LANGUAGE_STANDARD = "gnu++0x";
				CLANG_CXX_LIBRARY = "libc++";
				CLANG_ENABLE_MODULES = YES;
				CLANG_ENABLE_OBJC_ARC = YES;
				CLANG_WARN_BLOCK_CAPTURE_AUTORELEASING = YES;
				CLANG_WARN_BOOL_CONVERSION = YES;
				CLANG_WARN_COMMA = YES;
				CLANG_WARN_CONSTANT_CONVERSION = YES;
				CLANG_WARN_DIRECT_OBJC_ISA_USAGE = YES_ERROR;
				CLANG_WARN_DOCUMENTATION_COMMENTS = YES;
				CLANG_WARN_EMPTY_BODY = YES;
				CLANG_WARN_ENUM_CONVERSION = YES;
				CLANG_WARN_INFINITE_RECURSION = YES;
				CLANG_WARN_INT_CONVERSION = YES;
				CLANG_WARN_NON_LITERAL_NULL_CONVERSION = YES;
				CLANG_WARN_OBJC_LITERAL_CONVERSION = YES;
				CLANG_WARN_OBJC_ROOT_CLASS = YES_ERROR;
				CLANG_WARN_RANGE_LOOP_ANALYSIS = YES;
				CLANG_WARN_STRICT_PROTOTYPES = YES;
				CLANG_WARN_SUSPICIOUS_MOVE = YES;
				CLANG_WARN_UNREACHABLE_CODE = YES;
				CLANG_WARN__DUPLICATE_METHOD_MATCH = YES;
				"CODE_SIGN_IDENTITY[sdk=iphoneos*]" = "iPhone Developer";
				COPY_PHASE_STRIP = NO;
				DEBUG_INFORMATION_FORMAT = dwarf;
				ENABLE_STRICT_OBJC_MSGSEND = YES;
				ENABLE_TESTABILITY = YES;
				GCC_C_LANGUAGE_STANDARD = gnu99;
				GCC_DYNAMIC_NO_PIC = NO;
				GCC_NO_COMMON_BLOCKS = YES;
				GCC_OPTIMIZATION_LEVEL = 0;
				GCC_PREPROCESSOR_DEFINITIONS = (
					"DEBUG=1",
					"$(inherited)",
				);
				GCC_WARN_64_TO_32_BIT_CONVERSION = YES;
				GCC_WARN_ABOUT_RETURN_TYPE = YES_ERROR;
				GCC_WARN_UNDECLARED_SELECTOR = YES;
				GCC_WARN_UNINITIALIZED_AUTOS = YES_AGGRESSIVE;
				GCC_WARN_UNUSED_FUNCTION = YES;
				GCC_WARN_UNUSED_VARIABLE = YES;
				IPHONEOS_DEPLOYMENT_TARGET = 10.2;
				MTL_ENABLE_DEBUG_INFO = YES;
				ONLY_ACTIVE_ARCH = YES;
				SDKROOT = iphoneos;
				SWIFT_ACTIVE_COMPILATION_CONDITIONS = DEBUG;
				SWIFT_OPTIMIZATION_LEVEL = "-Onone";
				TARGETED_DEVICE_FAMILY = "1,2";
			};
			name = Debug;
		};
		034154AB1E5B9EDB00D4EDA7 /* Release */ = {
			isa = XCBuildConfiguration;
			buildSettings = {
				ALWAYS_SEARCH_USER_PATHS = NO;
				CLANG_ANALYZER_NONNULL = YES;
				CLANG_CXX_LANGUAGE_STANDARD = "gnu++0x";
				CLANG_CXX_LIBRARY = "libc++";
				CLANG_ENABLE_MODULES = YES;
				CLANG_ENABLE_OBJC_ARC = YES;
				CLANG_WARN_BLOCK_CAPTURE_AUTORELEASING = YES;
				CLANG_WARN_BOOL_CONVERSION = YES;
				CLANG_WARN_COMMA = YES;
				CLANG_WARN_CONSTANT_CONVERSION = YES;
				CLANG_WARN_DIRECT_OBJC_ISA_USAGE = YES_ERROR;
				CLANG_WARN_DOCUMENTATION_COMMENTS = YES;
				CLANG_WARN_EMPTY_BODY = YES;
				CLANG_WARN_ENUM_CONVERSION = YES;
				CLANG_WARN_INFINITE_RECURSION = YES;
				CLANG_WARN_INT_CONVERSION = YES;
				CLANG_WARN_NON_LITERAL_NULL_CONVERSION = YES;
				CLANG_WARN_OBJC_LITERAL_CONVERSION = YES;
				CLANG_WARN_OBJC_ROOT_CLASS = YES_ERROR;
				CLANG_WARN_RANGE_LOOP_ANALYSIS = YES;
				CLANG_WARN_STRICT_PROTOTYPES = YES;
				CLANG_WARN_SUSPICIOUS_MOVE = YES;
				CLANG_WARN_UNREACHABLE_CODE = YES;
				CLANG_WARN__DUPLICATE_METHOD_MATCH = YES;
				"CODE_SIGN_IDENTITY[sdk=iphoneos*]" = "iPhone Developer";
				COPY_PHASE_STRIP = NO;
				DEBUG_INFORMATION_FORMAT = "dwarf-with-dsym";
				ENABLE_NS_ASSERTIONS = NO;
				ENABLE_STRICT_OBJC_MSGSEND = YES;
				GCC_C_LANGUAGE_STANDARD = gnu99;
				GCC_NO_COMMON_BLOCKS = YES;
				GCC_WARN_64_TO_32_BIT_CONVERSION = YES;
				GCC_WARN_ABOUT_RETURN_TYPE = YES_ERROR;
				GCC_WARN_UNDECLARED_SELECTOR = YES;
				GCC_WARN_UNINITIALIZED_AUTOS = YES_AGGRESSIVE;
				GCC_WARN_UNUSED_FUNCTION = YES;
				GCC_WARN_UNUSED_VARIABLE = YES;
				IPHONEOS_DEPLOYMENT_TARGET = 10.2;
				MTL_ENABLE_DEBUG_INFO = NO;
				SDKROOT = iphoneos;
				SWIFT_OPTIMIZATION_LEVEL = "-Owholemodule";
				TARGETED_DEVICE_FAMILY = "1,2";
				VALIDATE_PRODUCT = YES;
			};
			name = Release;
		};
		034154AD1E5B9EDB00D4EDA7 /* Debug */ = {
			isa = XCBuildConfiguration;
			buildSettings = {
				ASSETCATALOG_COMPILER_APPICON_NAME = AppIcon;
				DEVELOPMENT_TEAM = URTWGKA93U;
				INFOPLIST_FILE = "$(SRCROOT)/Labyrinth/Info.plist";
				LD_RUNPATH_SEARCH_PATHS = "$(inherited) @executable_path/Frameworks";
				PRODUCT_BUNDLE_IDENTIFIER = edu.gvsu.SampleGame;
				PRODUCT_NAME = "$(TARGET_NAME)";
				SWIFT_SWIFT3_OBJC_INFERENCE = On;
				SWIFT_VERSION = 4.0;
			};
			name = Debug;
		};
		034154AE1E5B9EDB00D4EDA7 /* Release */ = {
			isa = XCBuildConfiguration;
			buildSettings = {
				ASSETCATALOG_COMPILER_APPICON_NAME = AppIcon;
				DEVELOPMENT_TEAM = URTWGKA93U;
				INFOPLIST_FILE = "$(SRCROOT)/Labyrinth/Info.plist";
				LD_RUNPATH_SEARCH_PATHS = "$(inherited) @executable_path/Frameworks";
				PRODUCT_BUNDLE_IDENTIFIER = edu.gvsu.SampleGame;
				PRODUCT_NAME = "$(TARGET_NAME)";
				SWIFT_SWIFT3_OBJC_INFERENCE = On;
				SWIFT_VERSION = 4.0;
			};
			name = Release;
		};
		034154B01E5B9EDB00D4EDA7 /* Debug */ = {
			isa = XCBuildConfiguration;
			buildSettings = {
				ALWAYS_EMBED_SWIFT_STANDARD_LIBRARIES = YES;
				BUNDLE_LOADER = "$(TEST_HOST)";
				DEVELOPMENT_TEAM = URTWGKA93U;
				INFOPLIST_FILE = SampleGameTests/Info.plist;
				LD_RUNPATH_SEARCH_PATHS = "$(inherited) @executable_path/Frameworks @loader_path/Frameworks";
				PRODUCT_BUNDLE_IDENTIFIER = edu.gvsu.SampleGameTests;
				PRODUCT_NAME = "$(TARGET_NAME)";
				SWIFT_SWIFT3_OBJC_INFERENCE = On;
				SWIFT_VERSION = 4.0;
				TEST_HOST = "$(BUILT_PRODUCTS_DIR)/Labyrinth.app/Labyrinth";
			};
			name = Debug;
		};
		034154B11E5B9EDB00D4EDA7 /* Release */ = {
			isa = XCBuildConfiguration;
			buildSettings = {
				ALWAYS_EMBED_SWIFT_STANDARD_LIBRARIES = YES;
				BUNDLE_LOADER = "$(TEST_HOST)";
				DEVELOPMENT_TEAM = URTWGKA93U;
				INFOPLIST_FILE = SampleGameTests/Info.plist;
				LD_RUNPATH_SEARCH_PATHS = "$(inherited) @executable_path/Frameworks @loader_path/Frameworks";
				PRODUCT_BUNDLE_IDENTIFIER = edu.gvsu.SampleGameTests;
				PRODUCT_NAME = "$(TARGET_NAME)";
				SWIFT_SWIFT3_OBJC_INFERENCE = On;
				SWIFT_VERSION = 4.0;
				TEST_HOST = "$(BUILT_PRODUCTS_DIR)/Labyrinth.app/Labyrinth";
			};
			name = Release;
		};
		034154B31E5B9EDB00D4EDA7 /* Debug */ = {
			isa = XCBuildConfiguration;
			buildSettings = {
				ALWAYS_EMBED_SWIFT_STANDARD_LIBRARIES = YES;
				DEVELOPMENT_TEAM = URTWGKA93U;
				INFOPLIST_FILE = SampleGameUITests/Info.plist;
				LD_RUNPATH_SEARCH_PATHS = "$(inherited) @executable_path/Frameworks @loader_path/Frameworks";
				PRODUCT_BUNDLE_IDENTIFIER = edu.gvsu.SampleGameUITests;
				PRODUCT_NAME = "$(TARGET_NAME)";
				SWIFT_SWIFT3_OBJC_INFERENCE = On;
				SWIFT_VERSION = 4.0;
				TEST_TARGET_NAME = SampleGame;
			};
			name = Debug;
		};
		034154B41E5B9EDB00D4EDA7 /* Release */ = {
			isa = XCBuildConfiguration;
			buildSettings = {
				ALWAYS_EMBED_SWIFT_STANDARD_LIBRARIES = YES;
				DEVELOPMENT_TEAM = URTWGKA93U;
				INFOPLIST_FILE = SampleGameUITests/Info.plist;
				LD_RUNPATH_SEARCH_PATHS = "$(inherited) @executable_path/Frameworks @loader_path/Frameworks";
				PRODUCT_BUNDLE_IDENTIFIER = edu.gvsu.SampleGameUITests;
				PRODUCT_NAME = "$(TARGET_NAME)";
				SWIFT_SWIFT3_OBJC_INFERENCE = On;
				SWIFT_VERSION = 4.0;
				TEST_TARGET_NAME = SampleGame;
			};
			name = Release;
		};
/* End XCBuildConfiguration section */

/* Begin XCConfigurationList section */
		034154791E5B9EDB00D4EDA7 /* Build configuration list for PBXProject "Labyrinth" */ = {
			isa = XCConfigurationList;
			buildConfigurations = (
				034154AA1E5B9EDB00D4EDA7 /* Debug */,
				034154AB1E5B9EDB00D4EDA7 /* Release */,
			);
			defaultConfigurationIsVisible = 0;
			defaultConfigurationName = Release;
		};
		034154AC1E5B9EDB00D4EDA7 /* Build configuration list for PBXNativeTarget "Labyrinth" */ = {
			isa = XCConfigurationList;
			buildConfigurations = (
				034154AD1E5B9EDB00D4EDA7 /* Debug */,
				034154AE1E5B9EDB00D4EDA7 /* Release */,
			);
			defaultConfigurationIsVisible = 0;
			defaultConfigurationName = Release;
		};
		034154AF1E5B9EDB00D4EDA7 /* Build configuration list for PBXNativeTarget "LabyrinthTests" */ = {
			isa = XCConfigurationList;
			buildConfigurations = (
				034154B01E5B9EDB00D4EDA7 /* Debug */,
				034154B11E5B9EDB00D4EDA7 /* Release */,
			);
			defaultConfigurationIsVisible = 0;
			defaultConfigurationName = Release;
		};
		034154B21E5B9EDB00D4EDA7 /* Build configuration list for PBXNativeTarget "LabyrinthUITests" */ = {
			isa = XCConfigurationList;
			buildConfigurations = (
				034154B31E5B9EDB00D4EDA7 /* Debug */,
				034154B41E5B9EDB00D4EDA7 /* Release */,
			);
			defaultConfigurationIsVisible = 0;
			defaultConfigurationName = Release;
		};
/* End XCConfigurationList section */
	};
	rootObject = 034154761E5B9EDB00D4EDA7 /* Project object */;
}
